
Microsoft Visual Studio Solution File, Format Version 12.00
# Visual Studio Version 16
VisualStudioVersion = 16.0.29411.108
MinimumVisualStudioVersion = 10.0.40219.1
Project("{FAE04EC0-301F-11D3-BF4B-00C04F79EFBC}") = "Punto_de_Venta_BeerLab.UI", "Punto_de_Venta_BeerLab\Punto_de_Venta_BeerLab.UI.csproj", "{3955F83F-C896-4595-A311-FE3BDD1A966D}"
EndProject
Project("{FAE04EC0-301F-11D3-BF4B-00C04F79EFBC}") = "Punto_de_Venta_BeerLab.BL", "Punto_de_Venta_BeerLab.BL\Punto_de_Venta_BeerLab.BL.csproj", "{15B05BD0-B903-47F4-B31E-53902BDB4C09}"
EndProject
Project("{FAE04EC0-301F-11D3-BF4B-00C04F79EFBC}") = "Punto_de_Venta_BeerLab.DAL", "Punto_de_Venta_BeerLab.DAL\Punto_de_Venta_BeerLab.DAL.csproj", "{2718E14F-099D-48F4-8C95-CA37666A94EE}"
EndProject
Global
	GlobalSection(SolutionConfigurationPlatforms) = preSolution
		Debug|Any CPU = Debug|Any CPU
		Release|Any CPU = Release|Any CPU
	EndGlobalSection
	GlobalSection(ProjectConfigurationPlatforms) = postSolution
		{3955F83F-C896-4595-A311-FE3BDD1A966D}.Debug|Any CPU.ActiveCfg = Debug|Any CPU
		{3955F83F-C896-4595-A311-FE3BDD1A966D}.Debug|Any CPU.Build.0 = Debug|Any CPU
		{3955F83F-C896-4595-A311-FE3BDD1A966D}.Release|Any CPU.ActiveCfg = Release|Any CPU
		{3955F83F-C896-4595-A311-FE3BDD1A966D}.Release|Any CPU.Build.0 = Release|Any CPU
		{15B05BD0-B903-47F4-B31E-53902BDB4C09}.Debug|Any CPU.ActiveCfg = Debug|Any CPU
		{15B05BD0-B903-47F4-B31E-53902BDB4C09}.Debug|Any CPU.Build.0 = Debug|Any CPU
		{15B05BD0-B903-47F4-B31E-53902BDB4C09}.Release|Any CPU.ActiveCfg = Release|Any CPU
		{15B05BD0-B903-47F4-B31E-53902BDB4C09}.Release|Any CPU.Build.0 = Release|Any CPU
		{2718E14F-099D-48F4-8C95-CA37666A94EE}.Debug|Any CPU.ActiveCfg = Debug|Any CPU
		{2718E14F-099D-48F4-8C95-CA37666A94EE}.Debug|Any CPU.Build.0 = Debug|Any CPU
		{2718E14F-099D-48F4-8C95-CA37666A94EE}.Release|Any CPU.ActiveCfg = Release|Any CPU
		{2718E14F-099D-48F4-8C95-CA37666A94EE}.Release|Any CPU.Build.0 = Release|Any CPU
	EndGlobalSection
	GlobalSection(SolutionProperties) = preSolution
		HideSolutionNode = FALSE
	EndGlobalSection
	GlobalSection(ExtensibilityGlobals) = postSolution
		SolutionGuid = {83FC61DD-5705-4C28-B9A5-9D0AF3BA6F55}
	EndGlobalSection
EndGlobal
